
Microsoft Visual Studio Solution File, Format Version 12.00
# Visual Studio 15
VisualStudioVersion = 15.0.27130.0
MinimumVisualStudioVersion = 10.0.40219.1
Project("{00D1A9C2-B5F0-4AF3-8072-F6C62B433612}") = "CoursesStore.Database", "CoursesStore.Database\CoursesStore.Database.sqlproj", "{042EDABD-E4C4-419D-B453-F8A57B918D17}"
EndProject
Project("{9A19103F-16F7-4668-BE54-9A1E7A4F7556}") = "CoursesStore.Data", "CoursesStore.Data\CoursesStore.Data.csproj", "{2CA107F8-84BD-4AC4-A8D7-6EFC4475EBB1}"
EndProject
Project("{9A19103F-16F7-4668-BE54-9A1E7A4F7556}") = "CoursesStore.Data.SqlServer", "CoursesStore.Data.SqlServer\CoursesStore.Data.SqlServer.csproj", "{9D20435E-B0B6-43F2-A38A-EE6A9853ED1F}"
EndProject
Project("{2150E333-8FDC-42A3-9474-1A3956D46DE8}") = "Tests", "Tests", "{3DD415D0-E928-46AE-AE9C-F80C2540FF12}"
EndProject
Project("{9A19103F-16F7-4668-BE54-9A1E7A4F7556}") = "CourseStore.Data.SqlServer.IntegrationTests", "CourseStore.Data.SqlServer.IntegrationTests\CourseStore.Data.SqlServer.IntegrationTests.csproj", "{BDA47FDC-F706-4AB6-AC30-C00B6BC0779E}"
EndProject
Project("{9A19103F-16F7-4668-BE54-9A1E7A4F7556}") = "Tests.Common", "Tests.Common\Tests.Common.csproj", "{E8C00ADB-74D3-4C19-80E7-3A7A75D63782}"
EndProject
Project("{9A19103F-16F7-4668-BE54-9A1E7A4F7556}") = "CoursesStore.Common", "CoursesStore.Common\CoursesStore.Common.csproj", "{DFA31A86-8AEC-45F0-B4FE-A247213C85BC}"
EndProject
Project("{FAE04EC0-301F-11D3-BF4B-00C04F79EFBC}") = "CoursesStore.Logic", "CoursesStore.Logic\CoursesStore.Logic.csproj", "{195FCC80-E718-44D4-8D06-FE6DF714C648}"
EndProject
Project("{FAE04EC0-301F-11D3-BF4B-00C04F79EFBC}") = "CoursesStore.Service.Contract", "CoursesStore.Service.Contract\CoursesStore.Service.Contract.csproj", "{5DD1D9F0-1D6D-4F74-A936-CAE8460BB1CF}"
EndProject
Project("{FAE04EC0-301F-11D3-BF4B-00C04F79EFBC}") = "CoursesStore.Service", "CoursesStore.Service\CoursesStore.Service.csproj", "{BF47AAA1-DE29-461B-8A95-6A355E7DEFC5}"
EndProject
Global
	GlobalSection(SolutionConfigurationPlatforms) = preSolution
		Debug|Any CPU = Debug|Any CPU
		Release|Any CPU = Release|Any CPU
	EndGlobalSection
	GlobalSection(ProjectConfigurationPlatforms) = postSolution
		{042EDABD-E4C4-419D-B453-F8A57B918D17}.Debug|Any CPU.ActiveCfg = Debug|Any CPU
		{042EDABD-E4C4-419D-B453-F8A57B918D17}.Debug|Any CPU.Build.0 = Debug|Any CPU
		{042EDABD-E4C4-419D-B453-F8A57B918D17}.Debug|Any CPU.Deploy.0 = Debug|Any CPU
		{042EDABD-E4C4-419D-B453-F8A57B918D17}.Release|Any CPU.ActiveCfg = Release|Any CPU
		{042EDABD-E4C4-419D-B453-F8A57B918D17}.Release|Any CPU.Build.0 = Release|Any CPU
		{042EDABD-E4C4-419D-B453-F8A57B918D17}.Release|Any CPU.Deploy.0 = Release|Any CPU
		{2CA107F8-84BD-4AC4-A8D7-6EFC4475EBB1}.Debug|Any CPU.ActiveCfg = Debug|Any CPU
		{2CA107F8-84BD-4AC4-A8D7-6EFC4475EBB1}.Debug|Any CPU.Build.0 = Debug|Any CPU
		{2CA107F8-84BD-4AC4-A8D7-6EFC4475EBB1}.Release|Any CPU.ActiveCfg = Release|Any CPU
		{2CA107F8-84BD-4AC4-A8D7-6EFC4475EBB1}.Release|Any CPU.Build.0 = Release|Any CPU
		{9D20435E-B0B6-43F2-A38A-EE6A9853ED1F}.Debug|Any CPU.ActiveCfg = Debug|Any CPU
		{9D20435E-B0B6-43F2-A38A-EE6A9853ED1F}.Debug|Any CPU.Build.0 = Debug|Any CPU
		{9D20435E-B0B6-43F2-A38A-EE6A9853ED1F}.Release|Any CPU.ActiveCfg = Release|Any CPU
		{9D20435E-B0B6-43F2-A38A-EE6A9853ED1F}.Release|Any CPU.Build.0 = Release|Any CPU
		{BDA47FDC-F706-4AB6-AC30-C00B6BC0779E}.Debug|Any CPU.ActiveCfg = Debug|Any CPU
		{BDA47FDC-F706-4AB6-AC30-C00B6BC0779E}.Debug|Any CPU.Build.0 = Debug|Any CPU
		{BDA47FDC-F706-4AB6-AC30-C00B6BC0779E}.Release|Any CPU.ActiveCfg = Release|Any CPU
		{BDA47FDC-F706-4AB6-AC30-C00B6BC0779E}.Release|Any CPU.Build.0 = Release|Any CPU
		{E8C00ADB-74D3-4C19-80E7-3A7A75D63782}.Debug|Any CPU.ActiveCfg = Debug|Any CPU
		{E8C00ADB-74D3-4C19-80E7-3A7A75D63782}.Debug|Any CPU.Build.0 = Debug|Any CPU
		{E8C00ADB-74D3-4C19-80E7-3A7A75D63782}.Release|Any CPU.ActiveCfg = Release|Any CPU
		{E8C00ADB-74D3-4C19-80E7-3A7A75D63782}.Release|Any CPU.Build.0 = Release|Any CPU
		{DFA31A86-8AEC-45F0-B4FE-A247213C85BC}.Debug|Any CPU.ActiveCfg = Debug|Any CPU
		{DFA31A86-8AEC-45F0-B4FE-A247213C85BC}.Debug|Any CPU.Build.0 = Debug|Any CPU
		{DFA31A86-8AEC-45F0-B4FE-A247213C85BC}.Release|Any CPU.ActiveCfg = Release|Any CPU
		{DFA31A86-8AEC-45F0-B4FE-A247213C85BC}.Release|Any CPU.Build.0 = Release|Any CPU
		{195FCC80-E718-44D4-8D06-FE6DF714C648}.Debug|Any CPU.ActiveCfg = Debug|Any CPU
		{195FCC80-E718-44D4-8D06-FE6DF714C648}.Debug|Any CPU.Build.0 = Debug|Any CPU
		{195FCC80-E718-44D4-8D06-FE6DF714C648}.Release|Any CPU.ActiveCfg = Release|Any CPU
		{195FCC80-E718-44D4-8D06-FE6DF714C648}.Release|Any CPU.Build.0 = Release|Any CPU
		{5DD1D9F0-1D6D-4F74-A936-CAE8460BB1CF}.Debug|Any CPU.ActiveCfg = Debug|Any CPU
		{5DD1D9F0-1D6D-4F74-A936-CAE8460BB1CF}.Debug|Any CPU.Build.0 = Debug|Any CPU
		{5DD1D9F0-1D6D-4F74-A936-CAE8460BB1CF}.Release|Any CPU.ActiveCfg = Release|Any CPU
		{5DD1D9F0-1D6D-4F74-A936-CAE8460BB1CF}.Release|Any CPU.Build.0 = Release|Any CPU
		{BF47AAA1-DE29-461B-8A95-6A355E7DEFC5}.Debug|Any CPU.ActiveCfg = Debug|Any CPU
		{BF47AAA1-DE29-461B-8A95-6A355E7DEFC5}.Debug|Any CPU.Build.0 = Debug|Any CPU
		{BF47AAA1-DE29-461B-8A95-6A355E7DEFC5}.Release|Any CPU.ActiveCfg = Release|Any CPU
		{BF47AAA1-DE29-461B-8A95-6A355E7DEFC5}.Release|Any CPU.Build.0 = Release|Any CPU
	EndGlobalSection
	GlobalSection(SolutionProperties) = preSolution
		HideSolutionNode = FALSE
	EndGlobalSection
	GlobalSection(NestedProjects) = preSolution
		{BDA47FDC-F706-4AB6-AC30-C00B6BC0779E} = {3DD415D0-E928-46AE-AE9C-F80C2540FF12}
		{E8C00ADB-74D3-4C19-80E7-3A7A75D63782} = {3DD415D0-E928-46AE-AE9C-F80C2540FF12}
	EndGlobalSection
	GlobalSection(ExtensibilityGlobals) = postSolution
		SolutionGuid = {1AE2D351-3241-4BDC-B36F-4FB5B0703EDA}
	EndGlobalSection
EndGlobal
